// !$*UTF8*$!
{
	archiveVersion = 1;
	classes = {
	};
	objectVersion = 50;
	objects = {

/* Begin PBXBuildFile section */
		BD7EAFD225150056003894B1 /* SkeletonGradient.swift in Sources */ = {isa = PBXBuildFile; fileRef = BD7EAF9D25150055003894B1 /* SkeletonGradient.swift */; };
		BD7EAFD325150056003894B1 /* SkeletonConfig.swift in Sources */ = {isa = PBXBuildFile; fileRef = BD7EAF9E25150055003894B1 /* SkeletonConfig.swift */; };
		BD7EAFD425150056003894B1 /* SkeletonDebug.swift in Sources */ = {isa = PBXBuildFile; fileRef = BD7EAFA025150055003894B1 /* SkeletonDebug.swift */; };
		BD7EAFD525150056003894B1 /* SkeletonMultilineLayerBuilder.swift in Sources */ = {isa = PBXBuildFile; fileRef = BD7EAFA225150055003894B1 /* SkeletonMultilineLayerBuilder.swift */; };
		BD7EAFD625150056003894B1 /* SkeletonLayerBuilder.swift in Sources */ = {isa = PBXBuildFile; fileRef = BD7EAFA325150055003894B1 /* SkeletonLayerBuilder.swift */; };
		BD7EAFD725150056003894B1 /* Recoverable.swift in Sources */ = {isa = PBXBuildFile; fileRef = BD7EAFA525150055003894B1 /* Recoverable.swift */; };
		BD7EAFD825150056003894B1 /* RecoverableViewState.swift in Sources */ = {isa = PBXBuildFile; fileRef = BD7EAFA625150055003894B1 /* RecoverableViewState.swift */; };
		BD7EAFD925150056003894B1 /* SkeletonAnimationBuilder.swift in Sources */ = {isa = PBXBuildFile; fileRef = BD7EAFA725150055003894B1 /* SkeletonAnimationBuilder.swift */; };
		BD7EAFDA25150056003894B1 /* SkeletonReusableCell.swift in Sources */ = {isa = PBXBuildFile; fileRef = BD7EAFAA25150055003894B1 /* SkeletonReusableCell.swift */; };
		BD7EAFDB25150056003894B1 /* GenericCollectionView.swift in Sources */ = {isa = PBXBuildFile; fileRef = BD7EAFAB25150055003894B1 /* GenericCollectionView.swift */; };
		BD7EAFDC25150056003894B1 /* SkeletonCollectionDataSource.swift in Sources */ = {isa = PBXBuildFile; fileRef = BD7EAFAC25150056003894B1 /* SkeletonCollectionDataSource.swift */; };
		BD7EAFDD25150056003894B1 /* CollectionSkeletonProtocol.swift in Sources */ = {isa = PBXBuildFile; fileRef = BD7EAFAD25150056003894B1 /* CollectionSkeletonProtocol.swift */; };
		BD7EAFDE25150056003894B1 /* SkeletonCollectionDelegate.swift in Sources */ = {isa = PBXBuildFile; fileRef = BD7EAFAE25150056003894B1 /* SkeletonCollectionDelegate.swift */; };
		BD7EAFDF25150056003894B1 /* UITableView+CollectionSkeleton.swift in Sources */ = {isa = PBXBuildFile; fileRef = BD7EAFB025150056003894B1 /* UITableView+CollectionSkeleton.swift */; };
		BD7EAFE025150056003894B1 /* SkeletonTableViewProtocols.swift in Sources */ = {isa = PBXBuildFile; fileRef = BD7EAFB125150056003894B1 /* SkeletonTableViewProtocols.swift */; };
		BD7EAFE125150056003894B1 /* UIView+CollectionSkeleton.swift in Sources */ = {isa = PBXBuildFile; fileRef = BD7EAFB225150056003894B1 /* UIView+CollectionSkeleton.swift */; };
		BD7EAFE225150056003894B1 /* UICollectionView+CollectionSkeleton.swift in Sources */ = {isa = PBXBuildFile; fileRef = BD7EAFB425150056003894B1 /* UICollectionView+CollectionSkeleton.swift */; };
		BD7EAFE325150056003894B1 /* SkeletonCollectionViewProtocols.swift in Sources */ = {isa = PBXBuildFile; fileRef = BD7EAFB525150056003894B1 /* SkeletonCollectionViewProtocols.swift */; };
		BD7EAFE425150056003894B1 /* SkeletonLayer.swift in Sources */ = {isa = PBXBuildFile; fileRef = BD7EAFB625150056003894B1 /* SkeletonLayer.swift */; };
		BD7EAFE525150056003894B1 /* SkeletonView.swift in Sources */ = {isa = PBXBuildFile; fileRef = BD7EAFB725150056003894B1 /* SkeletonView.swift */; };
		BD7EAFE625150056003894B1 /* SkeletonTransitionStyle.swift in Sources */ = {isa = PBXBuildFile; fileRef = BD7EAFB925150056003894B1 /* SkeletonTransitionStyle.swift */; };
		BD7EAFE725150056003894B1 /* UIView+Transitions.swift in Sources */ = {isa = PBXBuildFile; fileRef = BD7EAFBA25150056003894B1 /* UIView+Transitions.swift */; };
		BD7EAFE825150056003894B1 /* Int+Whitespaces.swift in Sources */ = {isa = PBXBuildFile; fileRef = BD7EAFBC25150056003894B1 /* Int+Whitespaces.swift */; };
		BD7EAFE925150056003894B1 /* UIView+Extension.swift in Sources */ = {isa = PBXBuildFile; fileRef = BD7EAFBD25150056003894B1 /* UIView+Extension.swift */; };
		BD7EAFEA25150056003894B1 /* ProcessInfo+XCTest.swift in Sources */ = {isa = PBXBuildFile; fileRef = BD7EAFBE25150056003894B1 /* ProcessInfo+XCTest.swift */; };
		BD7EAFEB25150056003894B1 /* UIView+Frame.swift in Sources */ = {isa = PBXBuildFile; fileRef = BD7EAFBF25150056003894B1 /* UIView+Frame.swift */; };
		BD7EAFEC25150056003894B1 /* UIColor+Skeleton.swift in Sources */ = {isa = PBXBuildFile; fileRef = BD7EAFC025150056003894B1 /* UIColor+Skeleton.swift */; };
		BD7EAFED25150056003894B1 /* UIView+UIApplicationDelegate.swift in Sources */ = {isa = PBXBuildFile; fileRef = BD7EAFC125150056003894B1 /* UIView+UIApplicationDelegate.swift */; };
		BD7EAFEE25150056003894B1 /* CALayer+Extensions.swift in Sources */ = {isa = PBXBuildFile; fileRef = BD7EAFC225150056003894B1 /* CALayer+Extensions.swift */; };
		BD7EAFEF25150056003894B1 /* UITableView+VisibleSections.swift in Sources */ = {isa = PBXBuildFile; fileRef = BD7EAFC325150056003894B1 /* UITableView+VisibleSections.swift */; };
		BD7EAFF025150056003894B1 /* UIView+IBInspectable.swift in Sources */ = {isa = PBXBuildFile; fileRef = BD7EAFC425150056003894B1 /* UIView+IBInspectable.swift */; };
		BD7EAFF125150056003894B1 /* Swizzling.swift in Sources */ = {isa = PBXBuildFile; fileRef = BD7EAFC625150056003894B1 /* Swizzling.swift */; };
		BD7EAFF225150056003894B1 /* AssociationPolicy.swift in Sources */ = {isa = PBXBuildFile; fileRef = BD7EAFC725150056003894B1 /* AssociationPolicy.swift */; };
		BD7EAFF325150056003894B1 /* PrepareForSkeletonProtocol.swift in Sources */ = {isa = PBXBuildFile; fileRef = BD7EAFC825150056003894B1 /* PrepareForSkeletonProtocol.swift */; };
		BD7EAFF425150056003894B1 /* RecursiveProtocol.swift in Sources */ = {isa = PBXBuildFile; fileRef = BD7EAFC925150056003894B1 /* RecursiveProtocol.swift */; };
		BD7EAFF525150056003894B1 /* SubviewsSkeletonables.swift in Sources */ = {isa = PBXBuildFile; fileRef = BD7EAFCA25150056003894B1 /* SubviewsSkeletonables.swift */; };
		BD7EAFF625150056003894B1 /* SkeletonFlow.swift in Sources */ = {isa = PBXBuildFile; fileRef = BD7EAFCB25150056003894B1 /* SkeletonFlow.swift */; };
		BD7EAFF725150056003894B1 /* SkeletonAppearance.swift in Sources */ = {isa = PBXBuildFile; fileRef = BD7EAFCD25150056003894B1 /* SkeletonAppearance.swift */; };
		BD7EAFF825150056003894B1 /* UILabel+Multiline.swift in Sources */ = {isa = PBXBuildFile; fileRef = BD7EAFCF25150056003894B1 /* UILabel+Multiline.swift */; };
		BD7EAFF925150056003894B1 /* ContainsMultilineText.swift in Sources */ = {isa = PBXBuildFile; fileRef = BD7EAFD025150056003894B1 /* ContainsMultilineText.swift */; };
		BD7EAFFA25150056003894B1 /* UITextView+Multiline.swift in Sources */ = {isa = PBXBuildFile; fileRef = BD7EAFD125150056003894B1 /* UITextView+Multiline.swift */; };
/* End PBXBuildFile section */

/* Begin PBXFileReference section */
		BD7EAF922514FE88003894B1 /* Skeleton.framework */ = {isa = PBXFileReference; explicitFileType = wrapper.framework; includeInIndex = 0; path = Skeleton.framework; sourceTree = BUILT_PRODUCTS_DIR; };
		BD7EAF9D25150055003894B1 /* SkeletonGradient.swift */ = {isa = PBXFileReference; fileEncoding = 4; lastKnownFileType = sourcecode.swift; path = SkeletonGradient.swift; sourceTree = "<group>"; };
		BD7EAF9E25150055003894B1 /* SkeletonConfig.swift */ = {isa = PBXFileReference; fileEncoding = 4; lastKnownFileType = sourcecode.swift; path = SkeletonConfig.swift; sourceTree = "<group>"; };
		BD7EAFA025150055003894B1 /* SkeletonDebug.swift */ = {isa = PBXFileReference; fileEncoding = 4; lastKnownFileType = sourcecode.swift; path = SkeletonDebug.swift; sourceTree = "<group>"; };
		BD7EAFA225150055003894B1 /* SkeletonMultilineLayerBuilder.swift */ = {isa = PBXFileReference; fileEncoding = 4; lastKnownFileType = sourcecode.swift; path = SkeletonMultilineLayerBuilder.swift; sourceTree = "<group>"; };
		BD7EAFA325150055003894B1 /* SkeletonLayerBuilder.swift */ = {isa = PBXFileReference; fileEncoding = 4; lastKnownFileType = sourcecode.swift; path = SkeletonLayerBuilder.swift; sourceTree = "<group>"; };
		BD7EAFA525150055003894B1 /* Recoverable.swift */ = {isa = PBXFileReference; fileEncoding = 4; lastKnownFileType = sourcecode.swift; path = Recoverable.swift; sourceTree = "<group>"; };
		BD7EAFA625150055003894B1 /* RecoverableViewState.swift */ = {isa = PBXFileReference; fileEncoding = 4; lastKnownFileType = sourcecode.swift; path = RecoverableViewState.swift; sourceTree = "<group>"; };
		BD7EAFA725150055003894B1 /* SkeletonAnimationBuilder.swift */ = {isa = PBXFileReference; fileEncoding = 4; lastKnownFileType = sourcecode.swift; path = SkeletonAnimationBuilder.swift; sourceTree = "<group>"; };
		BD7EAFAA25150055003894B1 /* SkeletonReusableCell.swift */ = {isa = PBXFileReference; fileEncoding = 4; lastKnownFileType = sourcecode.swift; path = SkeletonReusableCell.swift; sourceTree = "<group>"; };
		BD7EAFAB25150055003894B1 /* GenericCollectionView.swift */ = {isa = PBXFileReference; fileEncoding = 4; lastKnownFileType = sourcecode.swift; path = GenericCollectionView.swift; sourceTree = "<group>"; };
		BD7EAFAC25150056003894B1 /* SkeletonCollectionDataSource.swift */ = {isa = PBXFileReference; fileEncoding = 4; lastKnownFileType = sourcecode.swift; path = SkeletonCollectionDataSource.swift; sourceTree = "<group>"; };
		BD7EAFAD25150056003894B1 /* CollectionSkeletonProtocol.swift */ = {isa = PBXFileReference; fileEncoding = 4; lastKnownFileType = sourcecode.swift; path = CollectionSkeletonProtocol.swift; sourceTree = "<group>"; };
		BD7EAFAE25150056003894B1 /* SkeletonCollectionDelegate.swift */ = {isa = PBXFileReference; fileEncoding = 4; lastKnownFileType = sourcecode.swift; path = SkeletonCollectionDelegate.swift; sourceTree = "<group>"; };
		BD7EAFB025150056003894B1 /* UITableView+CollectionSkeleton.swift */ = {isa = PBXFileReference; fileEncoding = 4; lastKnownFileType = sourcecode.swift; path = "UITableView+CollectionSkeleton.swift"; sourceTree = "<group>"; };
		BD7EAFB125150056003894B1 /* SkeletonTableViewProtocols.swift */ = {isa = PBXFileReference; fileEncoding = 4; lastKnownFileType = sourcecode.swift; path = SkeletonTableViewProtocols.swift; sourceTree = "<group>"; };
		BD7EAFB225150056003894B1 /* UIView+CollectionSkeleton.swift */ = {isa = PBXFileReference; fileEncoding = 4; lastKnownFileType = sourcecode.swift; path = "UIView+CollectionSkeleton.swift"; sourceTree = "<group>"; };
		BD7EAFB425150056003894B1 /* UICollectionView+CollectionSkeleton.swift */ = {isa = PBXFileReference; fileEncoding = 4; lastKnownFileType = sourcecode.swift; path = "UICollectionView+CollectionSkeleton.swift"; sourceTree = "<group>"; };
		BD7EAFB525150056003894B1 /* SkeletonCollectionViewProtocols.swift */ = {isa = PBXFileReference; fileEncoding = 4; lastKnownFileType = sourcecode.swift; path = SkeletonCollectionViewProtocols.swift; sourceTree = "<group>"; };
		BD7EAFB625150056003894B1 /* SkeletonLayer.swift */ = {isa = PBXFileReference; fileEncoding = 4; lastKnownFileType = sourcecode.swift; path = SkeletonLayer.swift; sourceTree = "<group>"; };
		BD7EAFB725150056003894B1 /* SkeletonView.swift */ = {isa = PBXFileReference; fileEncoding = 4; lastKnownFileType = sourcecode.swift; path = SkeletonView.swift; sourceTree = "<group>"; };
		BD7EAFB925150056003894B1 /* SkeletonTransitionStyle.swift */ = {isa = PBXFileReference; fileEncoding = 4; lastKnownFileType = sourcecode.swift; path = SkeletonTransitionStyle.swift; sourceTree = "<group>"; };
		BD7EAFBA25150056003894B1 /* UIView+Transitions.swift */ = {isa = PBXFileReference; fileEncoding = 4; lastKnownFileType = sourcecode.swift; path = "UIView+Transitions.swift"; sourceTree = "<group>"; };
		BD7EAFBC25150056003894B1 /* Int+Whitespaces.swift */ = {isa = PBXFileReference; fileEncoding = 4; lastKnownFileType = sourcecode.swift; path = "Int+Whitespaces.swift"; sourceTree = "<group>"; };
		BD7EAFBD25150056003894B1 /* UIView+Extension.swift */ = {isa = PBXFileReference; fileEncoding = 4; lastKnownFileType = sourcecode.swift; path = "UIView+Extension.swift"; sourceTree = "<group>"; };
		BD7EAFBE25150056003894B1 /* ProcessInfo+XCTest.swift */ = {isa = PBXFileReference; fileEncoding = 4; lastKnownFileType = sourcecode.swift; path = "ProcessInfo+XCTest.swift"; sourceTree = "<group>"; };
		BD7EAFBF25150056003894B1 /* UIView+Frame.swift */ = {isa = PBXFileReference; fileEncoding = 4; lastKnownFileType = sourcecode.swift; path = "UIView+Frame.swift"; sourceTree = "<group>"; };
		BD7EAFC025150056003894B1 /* UIColor+Skeleton.swift */ = {isa = PBXFileReference; fileEncoding = 4; lastKnownFileType = sourcecode.swift; path = "UIColor+Skeleton.swift"; sourceTree = "<group>"; };
		BD7EAFC125150056003894B1 /* UIView+UIApplicationDelegate.swift */ = {isa = PBXFileReference; fileEncoding = 4; lastKnownFileType = sourcecode.swift; path = "UIView+UIApplicationDelegate.swift"; sourceTree = "<group>"; };
		BD7EAFC225150056003894B1 /* CALayer+Extensions.swift */ = {isa = PBXFileReference; fileEncoding = 4; lastKnownFileType = sourcecode.swift; path = "CALayer+Extensions.swift"; sourceTree = "<group>"; };
		BD7EAFC325150056003894B1 /* UITableView+VisibleSections.swift */ = {isa = PBXFileReference; fileEncoding = 4; lastKnownFileType = sourcecode.swift; path = "UITableView+VisibleSections.swift"; sourceTree = "<group>"; };
		BD7EAFC425150056003894B1 /* UIView+IBInspectable.swift */ = {isa = PBXFileReference; fileEncoding = 4; lastKnownFileType = sourcecode.swift; path = "UIView+IBInspectable.swift"; sourceTree = "<group>"; };
		BD7EAFC625150056003894B1 /* Swizzling.swift */ = {isa = PBXFileReference; fileEncoding = 4; lastKnownFileType = sourcecode.swift; path = Swizzling.swift; sourceTree = "<group>"; };
		BD7EAFC725150056003894B1 /* AssociationPolicy.swift */ = {isa = PBXFileReference; fileEncoding = 4; lastKnownFileType = sourcecode.swift; path = AssociationPolicy.swift; sourceTree = "<group>"; };
		BD7EAFC825150056003894B1 /* PrepareForSkeletonProtocol.swift */ = {isa = PBXFileReference; fileEncoding = 4; lastKnownFileType = sourcecode.swift; path = PrepareForSkeletonProtocol.swift; sourceTree = "<group>"; };
		BD7EAFC925150056003894B1 /* RecursiveProtocol.swift */ = {isa = PBXFileReference; fileEncoding = 4; lastKnownFileType = sourcecode.swift; path = RecursiveProtocol.swift; sourceTree = "<group>"; };
		BD7EAFCA25150056003894B1 /* SubviewsSkeletonables.swift */ = {isa = PBXFileReference; fileEncoding = 4; lastKnownFileType = sourcecode.swift; path = SubviewsSkeletonables.swift; sourceTree = "<group>"; };
		BD7EAFCB25150056003894B1 /* SkeletonFlow.swift */ = {isa = PBXFileReference; fileEncoding = 4; lastKnownFileType = sourcecode.swift; path = SkeletonFlow.swift; sourceTree = "<group>"; };
		BD7EAFCD25150056003894B1 /* SkeletonAppearance.swift */ = {isa = PBXFileReference; fileEncoding = 4; lastKnownFileType = sourcecode.swift; path = SkeletonAppearance.swift; sourceTree = "<group>"; };
		BD7EAFCF25150056003894B1 /* UILabel+Multiline.swift */ = {isa = PBXFileReference; fileEncoding = 4; lastKnownFileType = sourcecode.swift; path = "UILabel+Multiline.swift"; sourceTree = "<group>"; };
		BD7EAFD025150056003894B1 /* ContainsMultilineText.swift */ = {isa = PBXFileReference; fileEncoding = 4; lastKnownFileType = sourcecode.swift; path = ContainsMultilineText.swift; sourceTree = "<group>"; };
		BD7EAFD125150056003894B1 /* UITextView+Multiline.swift */ = {isa = PBXFileReference; fileEncoding = 4; lastKnownFileType = sourcecode.swift; path = "UITextView+Multiline.swift"; sourceTree = "<group>"; };
/* End PBXFileReference section */

/* Begin PBXFrameworksBuildPhase section */
		BD7EAF8F2514FE88003894B1 /* Frameworks */ = {
			isa = PBXFrameworksBuildPhase;
			buildActionMask = 2147483647;
			files = (
			);
			runOnlyForDeploymentPostprocessing = 0;
		};
/* End PBXFrameworksBuildPhase section */

/* Begin PBXGroup section */
		BD7EAF882514FE88003894B1 = {
			isa = PBXGroup;
			children = (
				BD7EAF942514FE88003894B1 /* Sources */,
				BD7EAF932514FE88003894B1 /* Products */,
			);
			sourceTree = "<group>";
		};
		BD7EAF932514FE88003894B1 /* Products */ = {
			isa = PBXGroup;
			children = (
				BD7EAF922514FE88003894B1 /* Skeleton.framework */,
			);
			name = Products;
			sourceTree = "<group>";
		};
		BD7EAF942514FE88003894B1 /* Sources */ = {
			isa = PBXGroup;
			children = (
				BD7EAFCC25150056003894B1 /* Appearance */,
				BD7EAFA125150055003894B1 /* Builders */,
				BD7EAFA825150055003894B1 /* Collections */,
				BD7EAF9F25150055003894B1 /* Debug */,
				BD7EAFBB25150056003894B1 /* Extensions */,
				BD7EAFC525150056003894B1 /* Helpers */,
				BD7EAFCE25150056003894B1 /* Multilines */,
				BD7EAFA425150055003894B1 /* Recoverable */,
				BD7EAFA725150055003894B1 /* SkeletonAnimationBuilder.swift */,
				BD7EAF9E25150055003894B1 /* SkeletonConfig.swift */,
				BD7EAFCB25150056003894B1 /* SkeletonFlow.swift */,
				BD7EAF9D25150055003894B1 /* SkeletonGradient.swift */,
				BD7EAFB625150056003894B1 /* SkeletonLayer.swift */,
				BD7EAFB725150056003894B1 /* SkeletonView.swift */,
				BD7EAFCA25150056003894B1 /* SubviewsSkeletonables.swift */,
				BD7EAFB825150056003894B1 /* Transitions */,
			);
			path = Sources;
			sourceTree = "<group>";
		};
		BD7EAF9F25150055003894B1 /* Debug */ = {
			isa = PBXGroup;
			children = (
				BD7EAFA025150055003894B1 /* SkeletonDebug.swift */,
			);
			path = Debug;
			sourceTree = "<group>";
		};
		BD7EAFA125150055003894B1 /* Builders */ = {
			isa = PBXGroup;
			children = (
				BD7EAFA225150055003894B1 /* SkeletonMultilineLayerBuilder.swift */,
				BD7EAFA325150055003894B1 /* SkeletonLayerBuilder.swift */,
			);
			path = Builders;
			sourceTree = "<group>";
		};
		BD7EAFA425150055003894B1 /* Recoverable */ = {
			isa = PBXGroup;
			children = (
				BD7EAFA525150055003894B1 /* Recoverable.swift */,
				BD7EAFA625150055003894B1 /* RecoverableViewState.swift */,
			);
			path = Recoverable;
			sourceTree = "<group>";
		};
		BD7EAFA825150055003894B1 /* Collections */ = {
			isa = PBXGroup;
			children = (
				BD7EAFA925150055003894B1 /* Generics */,
				BD7EAFAC25150056003894B1 /* SkeletonCollectionDataSource.swift */,
				BD7EAFAD25150056003894B1 /* CollectionSkeletonProtocol.swift */,
				BD7EAFAE25150056003894B1 /* SkeletonCollectionDelegate.swift */,
				BD7EAFAF25150056003894B1 /* TableViews */,
				BD7EAFB225150056003894B1 /* UIView+CollectionSkeleton.swift */,
				BD7EAFB325150056003894B1 /* CollectionViews */,
			);
			path = Collections;
			sourceTree = "<group>";
		};
		BD7EAFA925150055003894B1 /* Generics */ = {
			isa = PBXGroup;
			children = (
				BD7EAFAA25150055003894B1 /* SkeletonReusableCell.swift */,
				BD7EAFAB25150055003894B1 /* GenericCollectionView.swift */,
			);
			path = Generics;
			sourceTree = "<group>";
		};
		BD7EAFAF25150056003894B1 /* TableViews */ = {
			isa = PBXGroup;
			children = (
				BD7EAFB025150056003894B1 /* UITableView+CollectionSkeleton.swift */,
				BD7EAFB125150056003894B1 /* SkeletonTableViewProtocols.swift */,
			);
			path = TableViews;
			sourceTree = "<group>";
		};
		BD7EAFB325150056003894B1 /* CollectionViews */ = {
			isa = PBXGroup;
			children = (
				BD7EAFB425150056003894B1 /* UICollectionView+CollectionSkeleton.swift */,
				BD7EAFB525150056003894B1 /* SkeletonCollectionViewProtocols.swift */,
			);
			path = CollectionViews;
			sourceTree = "<group>";
		};
		BD7EAFB825150056003894B1 /* Transitions */ = {
			isa = PBXGroup;
			children = (
				BD7EAFB925150056003894B1 /* SkeletonTransitionStyle.swift */,
				BD7EAFBA25150056003894B1 /* UIView+Transitions.swift */,
			);
			path = Transitions;
			sourceTree = "<group>";
		};
		BD7EAFBB25150056003894B1 /* Extensions */ = {
			isa = PBXGroup;
			children = (
				BD7EAFBC25150056003894B1 /* Int+Whitespaces.swift */,
				BD7EAFBD25150056003894B1 /* UIView+Extension.swift */,
				BD7EAFBE25150056003894B1 /* ProcessInfo+XCTest.swift */,
				BD7EAFBF25150056003894B1 /* UIView+Frame.swift */,
				BD7EAFC025150056003894B1 /* UIColor+Skeleton.swift */,
				BD7EAFC125150056003894B1 /* UIView+UIApplicationDelegate.swift */,
				BD7EAFC225150056003894B1 /* CALayer+Extensions.swift */,
				BD7EAFC325150056003894B1 /* UITableView+VisibleSections.swift */,
				BD7EAFC425150056003894B1 /* UIView+IBInspectable.swift */,
			);
			path = Extensions;
			sourceTree = "<group>";
		};
		BD7EAFC525150056003894B1 /* Helpers */ = {
			isa = PBXGroup;
			children = (
				BD7EAFC625150056003894B1 /* Swizzling.swift */,
				BD7EAFC725150056003894B1 /* AssociationPolicy.swift */,
				BD7EAFC825150056003894B1 /* PrepareForSkeletonProtocol.swift */,
				BD7EAFC925150056003894B1 /* RecursiveProtocol.swift */,
			);
			path = Helpers;
			sourceTree = "<group>";
		};
		BD7EAFCC25150056003894B1 /* Appearance */ = {
			isa = PBXGroup;
			children = (
				BD7EAFCD25150056003894B1 /* SkeletonAppearance.swift */,
			);
			path = Appearance;
			sourceTree = "<group>";
		};
		BD7EAFCE25150056003894B1 /* Multilines */ = {
			isa = PBXGroup;
			children = (
				BD7EAFCF25150056003894B1 /* UILabel+Multiline.swift */,
				BD7EAFD025150056003894B1 /* ContainsMultilineText.swift */,
				BD7EAFD125150056003894B1 /* UITextView+Multiline.swift */,
			);
			path = Multilines;
			sourceTree = "<group>";
		};
/* End PBXGroup section */

/* Begin PBXHeadersBuildPhase section */
		BD7EAF8D2514FE88003894B1 /* Headers */ = {
			isa = PBXHeadersBuildPhase;
			buildActionMask = 2147483647;
			files = (
			);
			runOnlyForDeploymentPostprocessing = 0;
		};
/* End PBXHeadersBuildPhase section */

/* Begin PBXNativeTarget section */
		BD7EAF912514FE88003894B1 /* Skeleton */ = {
			isa = PBXNativeTarget;
			buildConfigurationList = BD7EAF9A2514FE88003894B1 /* Build configuration list for PBXNativeTarget "Skeleton" */;
			buildPhases = (
				BD7EAF8D2514FE88003894B1 /* Headers */,
				BD7EAF8E2514FE88003894B1 /* Sources */,
				BD7EAF8F2514FE88003894B1 /* Frameworks */,
				BD7EAF902514FE88003894B1 /* Resources */,
			);
			buildRules = (
			);
			dependencies = (
			);
			name = Skeleton;
			productName = Skeleton;
			productReference = BD7EAF922514FE88003894B1 /* Skeleton.framework */;
			productType = "com.apple.product-type.framework";
		};
/* End PBXNativeTarget section */

/* Begin PBXProject section */
		BD7EAF892514FE88003894B1 /* Project object */ = {
			isa = PBXProject;
			attributes = {
				LastUpgradeCheck = 1170;
				ORGANIZATIONNAME = Marriott;
				TargetAttributes = {
					BD7EAF912514FE88003894B1 = {
						CreatedOnToolsVersion = 11.7;
						LastSwiftMigration = 1170;
					};
				};
			};
			buildConfigurationList = BD7EAF8C2514FE88003894B1 /* Build configuration list for PBXProject "Skeleton" */;
			compatibilityVersion = "Xcode 9.3";
			developmentRegion = en;
			hasScannedForEncodings = 0;
			knownRegions = (
				en,
				Base,
			);
			mainGroup = BD7EAF882514FE88003894B1;
			productRefGroup = BD7EAF932514FE88003894B1 /* Products */;
			projectDirPath = "";
			projectRoot = "";
			targets = (
				BD7EAF912514FE88003894B1 /* Skeleton */,
			);
		};
/* End PBXProject section */

/* Begin PBXResourcesBuildPhase section */
		BD7EAF902514FE88003894B1 /* Resources */ = {
			isa = PBXResourcesBuildPhase;
			buildActionMask = 2147483647;
			files = (
			);
			runOnlyForDeploymentPostprocessing = 0;
		};
/* End PBXResourcesBuildPhase section */

/* Begin PBXSourcesBuildPhase section */
		BD7EAF8E2514FE88003894B1 /* Sources */ = {
			isa = PBXSourcesBuildPhase;
			buildActionMask = 2147483647;
			files = (
				BD7EAFE625150056003894B1 /* SkeletonTransitionStyle.swift in Sources */,
				BD7EAFD325150056003894B1 /* SkeletonConfig.swift in Sources */,
				BD7EAFF825150056003894B1 /* UILabel+Multiline.swift in Sources */,
				BD7EAFE525150056003894B1 /* SkeletonView.swift in Sources */,
				BD7EAFEE25150056003894B1 /* CALayer+Extensions.swift in Sources */,
				BD7EAFD425150056003894B1 /* SkeletonDebug.swift in Sources */,
				BD7EAFD725150056003894B1 /* Recoverable.swift in Sources */,
				BD7EAFEF25150056003894B1 /* UITableView+VisibleSections.swift in Sources */,
				BD7EAFE225150056003894B1 /* UICollectionView+CollectionSkeleton.swift in Sources */,
				BD7EAFD525150056003894B1 /* SkeletonMultilineLayerBuilder.swift in Sources */,
				BD7EAFD825150056003894B1 /* RecoverableViewState.swift in Sources */,
				BD7EAFE025150056003894B1 /* SkeletonTableViewProtocols.swift in Sources */,
				BD7EAFF225150056003894B1 /* AssociationPolicy.swift in Sources */,
				BD7EAFF425150056003894B1 /* RecursiveProtocol.swift in Sources */,
				BD7EAFF325150056003894B1 /* PrepareForSkeletonProtocol.swift in Sources */,
				BD7EAFD925150056003894B1 /* SkeletonAnimationBuilder.swift in Sources */,
				BD7EAFE825150056003894B1 /* Int+Whitespaces.swift in Sources */,
				BD7EAFE425150056003894B1 /* SkeletonLayer.swift in Sources */,
				BD7EAFD225150056003894B1 /* SkeletonGradient.swift in Sources */,
				BD7EAFF525150056003894B1 /* SubviewsSkeletonables.swift in Sources */,
				BD7EAFE325150056003894B1 /* SkeletonCollectionViewProtocols.swift in Sources */,
				BD7EAFEA25150056003894B1 /* ProcessInfo+XCTest.swift in Sources */,
				BD7EAFEC25150056003894B1 /* UIColor+Skeleton.swift in Sources */,
				BD7EAFDA25150056003894B1 /* SkeletonReusableCell.swift in Sources */,
				BD7EAFEB25150056003894B1 /* UIView+Frame.swift in Sources */,
				BD7EAFF625150056003894B1 /* SkeletonFlow.swift in Sources */,
				BD7EAFED25150056003894B1 /* UIView+UIApplicationDelegate.swift in Sources */,
				BD7EAFFA25150056003894B1 /* UITextView+Multiline.swift in Sources */,
				BD7EAFF025150056003894B1 /* UIView+IBInspectable.swift in Sources */,
				BD7EAFDD25150056003894B1 /* CollectionSkeletonProtocol.swift in Sources */,
				BD7EAFDC25150056003894B1 /* SkeletonCollectionDataSource.swift in Sources */,
				BD7EAFDE25150056003894B1 /* SkeletonCollectionDelegate.swift in Sources */,
				BD7EAFF725150056003894B1 /* SkeletonAppearance.swift in Sources */,
				BD7EAFE925150056003894B1 /* UIView+Extension.swift in Sources */,
				BD7EAFE725150056003894B1 /* UIView+Transitions.swift in Sources */,
				BD7EAFF125150056003894B1 /* Swizzling.swift in Sources */,
				BD7EAFDB25150056003894B1 /* GenericCollectionView.swift in Sources */,
				BD7EAFDF25150056003894B1 /* UITableView+CollectionSkeleton.swift in Sources */,
				BD7EAFF925150056003894B1 /* ContainsMultilineText.swift in Sources */,
				BD7EAFD625150056003894B1 /* SkeletonLayerBuilder.swift in Sources */,
				BD7EAFE125150056003894B1 /* UIView+CollectionSkeleton.swift in Sources */,
			);
			runOnlyForDeploymentPostprocessing = 0;
		};
/* End PBXSourcesBuildPhase section */

/* Begin XCBuildConfiguration section */
		BD7EAF982514FE88003894B1 /* Debug */ = {
			isa = XCBuildConfiguration;
			buildSettings = {
				ALWAYS_SEARCH_USER_PATHS = NO;
				BUILD_LIBRARY_FOR_DISTRIBUTION = YES;
				CLANG_ANALYZER_NONNULL = YES;
				CLANG_ANALYZER_NUMBER_OBJECT_CONVERSION = YES_AGGRESSIVE;
				CLANG_CXX_LANGUAGE_STANDARD = "gnu++14";
				CLANG_CXX_LIBRARY = "libc++";
				CLANG_ENABLE_MODULES = YES;
				CLANG_ENABLE_OBJC_ARC = YES;
				CLANG_ENABLE_OBJC_WEAK = YES;
				CLANG_WARN_BLOCK_CAPTURE_AUTORELEASING = YES;
				CLANG_WARN_BOOL_CONVERSION = YES;
				CLANG_WARN_COMMA = YES;
				CLANG_WARN_CONSTANT_CONVERSION = YES;
				CLANG_WARN_DEPRECATED_OBJC_IMPLEMENTATIONS = YES;
				CLANG_WARN_DIRECT_OBJC_ISA_USAGE = YES_ERROR;
				CLANG_WARN_DOCUMENTATION_COMMENTS = YES;
				CLANG_WARN_EMPTY_BODY = YES;
				CLANG_WARN_ENUM_CONVERSION = YES;
				CLANG_WARN_INFINITE_RECURSION = YES;
				CLANG_WARN_INT_CONVERSION = YES;
				CLANG_WARN_NON_LITERAL_NULL_CONVERSION = YES;
				CLANG_WARN_OBJC_IMPLICIT_RETAIN_SELF = YES;
				CLANG_WARN_OBJC_LITERAL_CONVERSION = YES;
				CLANG_WARN_OBJC_ROOT_CLASS = YES_ERROR;
				CLANG_WARN_RANGE_LOOP_ANALYSIS = YES;
				CLANG_WARN_STRICT_PROTOTYPES = YES;
				CLANG_WARN_SUSPICIOUS_MOVE = YES;
				CLANG_WARN_UNGUARDED_AVAILABILITY = YES_AGGRESSIVE;
				CLANG_WARN_UNREACHABLE_CODE = YES;
				CLANG_WARN__DUPLICATE_METHOD_MATCH = YES;
				COPY_PHASE_STRIP = NO;
				CURRENT_PROJECT_VERSION = 1;
				DEBUG_INFORMATION_FORMAT = dwarf;
				DEFINES_MODULE = YES;
				ENABLE_STRICT_OBJC_MSGSEND = YES;
				ENABLE_TESTABILITY = YES;
				GCC_C_LANGUAGE_STANDARD = gnu11;
				GCC_DYNAMIC_NO_PIC = NO;
				GCC_NO_COMMON_BLOCKS = YES;
				GCC_OPTIMIZATION_LEVEL = 0;
				GCC_PREPROCESSOR_DEFINITIONS = (
					"DEBUG=1",
					"$(inherited)",
				);
				GCC_WARN_64_TO_32_BIT_CONVERSION = YES;
				GCC_WARN_ABOUT_RETURN_TYPE = YES_ERROR;
				GCC_WARN_UNDECLARED_SELECTOR = YES;
				GCC_WARN_UNINITIALIZED_AUTOS = YES_AGGRESSIVE;
				GCC_WARN_UNUSED_FUNCTION = YES;
				GCC_WARN_UNUSED_VARIABLE = YES;
				IPHONEOS_DEPLOYMENT_TARGET = 10.0;
				MTL_ENABLE_DEBUG_INFO = INCLUDE_SOURCE;
				MTL_FAST_MATH = YES;
				ONLY_ACTIVE_ARCH = YES;
				SDKROOT = iphoneos;
				VERSIONING_SYSTEM = "apple-generic";
				VERSION_INFO_PREFIX = "";
			};
			name = Debug;
		};
		BD7EAF992514FE88003894B1 /* Release */ = {
			isa = XCBuildConfiguration;
			buildSettings = {
				ALWAYS_SEARCH_USER_PATHS = NO;
				BUILD_LIBRARY_FOR_DISTRIBUTION = YES;
				CLANG_ANALYZER_NONNULL = YES;
				CLANG_ANALYZER_NUMBER_OBJECT_CONVERSION = YES_AGGRESSIVE;
				CLANG_CXX_LANGUAGE_STANDARD = "gnu++14";
				CLANG_CXX_LIBRARY = "libc++";
				CLANG_ENABLE_MODULES = YES;
				CLANG_ENABLE_OBJC_ARC = YES;
				CLANG_ENABLE_OBJC_WEAK = YES;
				CLANG_WARN_BLOCK_CAPTURE_AUTORELEASING = YES;
				CLANG_WARN_BOOL_CONVERSION = YES;
				CLANG_WARN_COMMA = YES;
				CLANG_WARN_CONSTANT_CONVERSION = YES;
				CLANG_WARN_DEPRECATED_OBJC_IMPLEMENTATIONS = YES;
				CLANG_WARN_DIRECT_OBJC_ISA_USAGE = YES_ERROR;
				CLANG_WARN_DOCUMENTATION_COMMENTS = YES;
				CLANG_WARN_EMPTY_BODY = YES;
				CLANG_WARN_ENUM_CONVERSION = YES;
				CLANG_WARN_INFINITE_RECURSION = YES;
				CLANG_WARN_INT_CONVERSION = YES;
				CLANG_WARN_NON_LITERAL_NULL_CONVERSION = YES;
				CLANG_WARN_OBJC_IMPLICIT_RETAIN_SELF = YES;
				CLANG_WARN_OBJC_LITERAL_CONVERSION = YES;
				CLANG_WARN_OBJC_ROOT_CLASS = YES_ERROR;
				CLANG_WARN_RANGE_LOOP_ANALYSIS = YES;
				CLANG_WARN_STRICT_PROTOTYPES = YES;
				CLANG_WARN_SUSPICIOUS_MOVE = YES;
				CLANG_WARN_UNGUARDED_AVAILABILITY = YES_AGGRESSIVE;
				CLANG_WARN_UNREACHABLE_CODE = YES;
				CLANG_WARN__DUPLICATE_METHOD_MATCH = YES;
				COPY_PHASE_STRIP = NO;
				CURRENT_PROJECT_VERSION = 1;
				DEBUG_INFORMATION_FORMAT = "dwarf-with-dsym";
				DEFINES_MODULE = YES;
				ENABLE_NS_ASSERTIONS = NO;
				ENABLE_STRICT_OBJC_MSGSEND = YES;
				GCC_C_LANGUAGE_STANDARD = gnu11;
				GCC_NO_COMMON_BLOCKS = YES;
				GCC_WARN_64_TO_32_BIT_CONVERSION = YES;
				GCC_WARN_ABOUT_RETURN_TYPE = YES_ERROR;
				GCC_WARN_UNDECLARED_SELECTOR = YES;
				GCC_WARN_UNINITIALIZED_AUTOS = YES_AGGRESSIVE;
				GCC_WARN_UNUSED_FUNCTION = YES;
				GCC_WARN_UNUSED_VARIABLE = YES;
				IPHONEOS_DEPLOYMENT_TARGET = 10.0;
				MTL_ENABLE_DEBUG_INFO = NO;
				MTL_FAST_MATH = YES;
				SDKROOT = iphoneos;
				VALIDATE_PRODUCT = YES;
				VERSIONING_SYSTEM = "apple-generic";
				VERSION_INFO_PREFIX = "";
			};
			name = Release;
		};
		BD7EAF9B2514FE88003894B1 /* Debug */ = {
			isa = XCBuildConfiguration;
			buildSettings = {
				CLANG_ENABLE_MODULES = YES;
				CODE_SIGN_STYLE = Automatic;
				DEFINES_MODULE = YES;
				DYLIB_COMPATIBILITY_VERSION = 1;
				DYLIB_CURRENT_VERSION = 1;
				DYLIB_INSTALL_NAME_BASE = "@rpath";
				INFOPLIST_FILE = "$(SRCROOT)/Info.plist";
				INSTALL_PATH = "$(LOCAL_LIBRARY_DIR)/Frameworks";
				IPHONEOS_DEPLOYMENT_TARGET = 11.0;
				LD_RUNPATH_SEARCH_PATHS = (
					"$(inherited)",
					"@executable_path/Frameworks",
					"@loader_path/Frameworks",
				);
				PRODUCT_BUNDLE_IDENTIFIER = com.Marriott.Skeleton;
				PRODUCT_NAME = "$(TARGET_NAME:c99extidentifier)";
				SKIP_INSTALL = YES;
				SWIFT_OPTIMIZATION_LEVEL = "-Onone";
				SWIFT_VERSION = 5.0;
				TARGETED_DEVICE_FAMILY = "1,2";
			};
			name = Debug;
		};
		BD7EAF9C2514FE88003894B1 /* Release */ = {
			isa = XCBuildConfiguration;
			buildSettings = {
				CLANG_ENABLE_MODULES = YES;
				CODE_SIGN_STYLE = Automatic;
				DEFINES_MODULE = YES;
				DYLIB_COMPATIBILITY_VERSION = 1;
				DYLIB_CURRENT_VERSION = 1;
				DYLIB_INSTALL_NAME_BASE = "@rpath";
				INFOPLIST_FILE = "$(SRCROOT)/Info.plist";
				INSTALL_PATH = "$(LOCAL_LIBRARY_DIR)/Frameworks";
				IPHONEOS_DEPLOYMENT_TARGET = 11.0;
				LD_RUNPATH_SEARCH_PATHS = (
					"$(inherited)",
					"@executable_path/Frameworks",
					"@loader_path/Frameworks",
				);
				PRODUCT_BUNDLE_IDENTIFIER = com.Marriott.Skeleton;
				PRODUCT_NAME = "$(TARGET_NAME:c99extidentifier)";
				SKIP_INSTALL = YES;
				SWIFT_VERSION = 5.0;
				TARGETED_DEVICE_FAMILY = "1,2";
			};
			name = Release;
		};
/* End XCBuildConfiguration section */

/* Begin XCConfigurationList section */
		BD7EAF8C2514FE88003894B1 /* Build configuration list for PBXProject "Skeleton" */ = {
			isa = XCConfigurationList;
			buildConfigurations = (
				BD7EAF982514FE88003894B1 /* Debug */,
				BD7EAF992514FE88003894B1 /* Release */,
			);
			defaultConfigurationIsVisible = 0;
			defaultConfigurationName = Release;
		};
		BD7EAF9A2514FE88003894B1 /* Build configuration list for PBXNativeTarget "Skeleton" */ = {
			isa = XCConfigurationList;
			buildConfigurations = (
				BD7EAF9B2514FE88003894B1 /* Debug */,
				BD7EAF9C2514FE88003894B1 /* Release */,
			);
			defaultConfigurationIsVisible = 0;
			defaultConfigurationName = Release;
		};
/* End XCConfigurationList section */
	};
	rootObject = BD7EAF892514FE88003894B1 /* Project object */;
}
